PODS:
  - Alamofire (5.4.4)
  - IQKeyboardManagerSwift (6.5.9)
  - Kingfisher (7.1.1)
  - KRActivityIndicatorView (3.0.7)
  - KRProgressHUD (3.4.7):
    - KRActivityIndicatorView (= 3.0.7)
  - Logan (1.2.7):
    - Logan/mbedtls (= 1.2.7)
  - Logan/mbedtls (1.2.7)
  - LookinServer (1.0.4)
  - SnapKit (5.0.1)
  - SwiftyJSON (4.3.0)

DEPENDENCIES:
  - Alamofire (~> 5.4)
  - IQKeyboardManagerSwift
  - Kingfisher (~> 7.0)
  - KRProgressHUD
  - Logan (~> 1.2.5)
  - LookinServer
  - SnapKit (~> 5.0.0)
  - SwiftyJSON (~> 4.0)

SPEC REPOS:
  trunk:
    - Alamofire
    - IQKeyboardManagerSwift
    - Kingfisher
    - KRActivityIndicatorView
    - KRProgressHUD
    - Logan
    - LookinServer
    - SnapKit
    - SwiftyJSON

SPEC CHECKSUMS:
  Alamofire: f3b09a368f1582ab751b3fff5460276e0d2cf5c9
  IQKeyboardManagerSwift: 6e839c575c4aa1078d58a596e41244e77abe918f
  Kingfisher: f738f9c4a3415823b8e2985d10aa2d6a9f37bc4d
  KRActivityIndicatorView: ad69e89c4ce40c986cf580595be4829dcad0e35a
  KRProgressHUD: a248f0bc6c9c2aed40a37b76e03ffecc7f85c887
  Logan: d7e508f88d596b186e9cdcc0cf35b45c89bbc22f
  LookinServer: 743c1681771d0a8dcc38825325a080c3186404a5
  SnapKit: 97b92857e3df3a0c71833cce143274bf6ef8e5eb
  SwiftyJSON: 6faa0040f8b59dead0ee07436cbf76b73c08fd08

PODFILE CHECKSUM: c33608f3091ba322afcabc0281530cf5d88d57b9

COCOAPODS: 1.10.1
