{
  "object": {
    "pins": [
      {
        "package": "Gifu",
        "repositoryURL": "https://github.com/kaishin/Gifu",
        "state": {
          "branch": null,
          "revision": "0ffe24744cc3d82ab9edece53670d0352c6d5507",
          "version": "3.3.0"
        }
      },
      {
        "package": "GrandTime",
        "repositoryURL": "https://github.com/DuckDeck/GrandTime",
        "state": {
          "branch": null,
          "revision": "17d09d446773036e24bc6a9227a8c2d111cffa8a",
          "version": "2.0.0"
        }
      },
      {
        "package": "KRActivityIndicatorView",
        "repositoryURL": "https://github.com/krimpedance/KRActivityIndicatorView.git",
        "state": {
          "branch": null,
          "revision": "bcb0e841d6de0cd343a32bd5056580a56d06c0bc",
          "version": "3.0.7"
        }
      },
      {
        "package": "KRProgressHUD",
        "repositoryURL": "https://github.com/krimpedance/KRProgressHUD",
        "state": {
          "branch": null,
          "revision": "265142816d8f8ea93840accaf4ac7c49998e77c2",
          "version": "3.4.7"
        }
      },
      {
        "package": "SwiftyJSON",
        "repositoryURL": "https://github.com/SwiftyJSON/SwiftyJSON",
        "state": {
          "branch": null,
          "revision": "2b6054efa051565954e1d2b9da831680026cd768",
          "version": "5.0.0"
        }
      },
      {
        "package": "SwiftyMarkdown",
        "repositoryURL": "https://github.com/SimonFairbairn/SwiftyMarkdown",
        "state": {
          "branch": null,
          "revision": "5b0a1e76332a633726f9f9a00b4bbd840166bccf",
          "version": "1.2.3"
        }
      },
      {
        "package": "ZLPhotoBrowser",
        "repositoryURL": "https://github.com/longitachi/ZLPhotoBrowser",
        "state": {
          "branch": null,
          "revision": "364601338da4932e0bd8240178118e55a3db2fcf",
          "version": "4.1.2"
        }
      }
    ]
  },
  "version": 1
}
