// !$*UTF8*$!
{
	archiveVersion = 1;
	classes = {
	};
	objectVersion = 52;
	objects = {

/* Begin PBXBuildFile section */
		207EE15F25A3006D0030ECDD /* iOSProjectApp.swift in Sources */ = {isa = PBXBuildFile; fileRef = 207EE15E25A3006D0030ECDD /* iOSProjectApp.swift */; };
		207EE16125A3006D0030ECDD /* ContentView.swift in Sources */ = {isa = PBXBuildFile; fileRef = 207EE16025A3006D0030ECDD /* ContentView.swift */; };
		207EE16325A3006F0030ECDD /* Assets.xcassets in Resources */ = {isa = PBXBuildFile; fileRef = 207EE16225A3006F0030ECDD /* Assets.xcassets */; };
		207EE16625A3006F0030ECDD /* Preview Assets.xcassets in Resources */ = {isa = PBXBuildFile; fileRef = 207EE16525A3006F0030ECDD /* Preview Assets.xcassets */; };
		207EE17325A303950030ECDD /* CommonLibrary in Frameworks */ = {isa = PBXBuildFile; productRef = 207EE17225A303950030ECDD /* CommonLibrary */; };
		207EE17525A303970030ECDD /* FoundationPackage in Frameworks */ = {isa = PBXBuildFile; productRef = 207EE17425A303970030ECDD /* FoundationPackage */; };
		207EE17725A3039A0030ECDD /* MediaPackage in Frameworks */ = {isa = PBXBuildFile; productRef = 207EE17625A3039A0030ECDD /* MediaPackage */; };
		207EE17925A3039C0030ECDD /* UIPackage in Frameworks */ = {isa = PBXBuildFile; productRef = 207EE17825A3039C0030ECDD /* UIPackage */; };
		207EE17B25A3039F0030ECDD /* ProjectPackage in Frameworks */ = {isa = PBXBuildFile; productRef = 207EE17A25A3039F0030ECDD /* ProjectPackage */; };
		207EE18225A306FC0030ECDD /* SnapKit in Frameworks */ = {isa = PBXBuildFile; productRef = 207EE18125A306FC0030ECDD /* SnapKit */; };
		207EE1A625A43BE90030ECDD /* ZLPhotoBrowser in Frameworks */ = {isa = PBXBuildFile; productRef = 207EE1A525A43BE90030ECDD /* ZLPhotoBrowser */; };
		207EE1AA25A455650030ECDD /* GrandTime in Frameworks */ = {isa = PBXBuildFile; productRef = 207EE1A925A455650030ECDD /* GrandTime */; };
		207EE1AE25A455850030ECDD /* GrandMenu in Frameworks */ = {isa = PBXBuildFile; productRef = 207EE1AD25A455850030ECDD /* GrandMenu */; };
		207EE1B225A455E30030ECDD /* ViewChaos in Frameworks */ = {isa = PBXBuildFile; productRef = 207EE1B125A455E30030ECDD /* ViewChaos */; };
		207EE1B625A456090030ECDD /* GrandModel in Frameworks */ = {isa = PBXBuildFile; productRef = 207EE1B525A456090030ECDD /* GrandModel */; };
		207EE1BA25A4562A0030ECDD /* GrandStore in Frameworks */ = {isa = PBXBuildFile; productRef = 207EE1B925A4562A0030ECDD /* GrandStore */; };
		207EE1BE25A458150030ECDD /* KRProgressHUD in Frameworks */ = {isa = PBXBuildFile; productRef = 207EE1BD25A458150030ECDD /* KRProgressHUD */; };
		207EE1C225A458600030ECDD /* Kingfisher in Frameworks */ = {isa = PBXBuildFile; productRef = 207EE1C125A458600030ECDD /* Kingfisher */; };
		207EE1C625A458C60030ECDD /* Kanna in Frameworks */ = {isa = PBXBuildFile; productRef = 207EE1C525A458C60030ECDD /* Kanna */; };
		207EE1CA25A4590F0030ECDD /* IQKeyboardManagerSwift in Frameworks */ = {isa = PBXBuildFile; productRef = 207EE1C925A4590F0030ECDD /* IQKeyboardManagerSwift */; };
		207EE1CE25A459720030ECDD /* SwiftyJSON in Frameworks */ = {isa = PBXBuildFile; productRef = 207EE1CD25A459720030ECDD /* SwiftyJSON */; };
		207EE1D225A459BA0030ECDD /* Alamofire in Frameworks */ = {isa = PBXBuildFile; productRef = 207EE1D125A459BA0030ECDD /* Alamofire */; };
		207EE25525A841C10030ECDD /* GrandRefresh in Frameworks */ = {isa = PBXBuildFile; productRef = 207EE25425A841C10030ECDD /* GrandRefresh */; };
		207EE26225A965FB0030ECDD /* Gifu in Frameworks */ = {isa = PBXBuildFile; productRef = 207EE26125A965FB0030ECDD /* Gifu */; };
		207EE27E25A985EC0030ECDD /* gif0.gif in Resources */ = {isa = PBXBuildFile; fileRef = 207EE27825A985920030ECDD /* gif0.gif */; };
		207EE28925A9879B0030ECDD /* question.html in Resources */ = {isa = PBXBuildFile; fileRef = 207EE28825A9879A0030ECDD /* question.html */; };
		AE61F16625E4FCB300905B9F /* SwiftyMarkdown in Frameworks */ = {isa = PBXBuildFile; productRef = AE61F16525E4FCB300905B9F /* SwiftyMarkdown */; };
		BA727DE52601AF570015DAA7 /* AppDelegate.m in Sources */ = {isa = PBXBuildFile; fileRef = BA727DE42601AF570015DAA7 /* AppDelegate.m */; };
		BA727DE82601AF570015DAA7 /* SceneDelegate.m in Sources */ = {isa = PBXBuildFile; fileRef = BA727DE72601AF570015DAA7 /* SceneDelegate.m */; };
		BA727DEB2601AF570015DAA7 /* ViewController.m in Sources */ = {isa = PBXBuildFile; fileRef = BA727DEA2601AF570015DAA7 /* ViewController.m */; };
		BA727DF02601AF590015DAA7 /* Assets.xcassets in Resources */ = {isa = PBXBuildFile; fileRef = BA727DEF2601AF590015DAA7 /* Assets.xcassets */; };
		BA727DF32601AF590015DAA7 /* LaunchScreen.storyboard in Resources */ = {isa = PBXBuildFile; fileRef = BA727DF12601AF590015DAA7 /* LaunchScreen.storyboard */; };
		BA727DF62601AF590015DAA7 /* main.m in Sources */ = {isa = PBXBuildFile; fileRef = BA727DF52601AF590015DAA7 /* main.m */; };
		BAABD4CA260C7BCB0026A251 /* KeyboardViewController.swift in Sources */ = {isa = PBXBuildFile; fileRef = BAABD4C9260C7BCB0026A251 /* KeyboardViewController.swift */; };
		BAABD4CE260C7BCB0026A251 /* GrandKeyboard.appex in Embed App Extensions */ = {isa = PBXBuildFile; fileRef = BAABD4C7260C7BCB0026A251 /* GrandKeyboard.appex */; settings = {ATTRIBUTES = (RemoveHeadersOnCopy, ); }; };
		BAD9DADE260450B100C0530C /* AdViewController.swift in Sources */ = {isa = PBXBuildFile; fileRef = BAD9DADD260450B100C0530C /* AdViewController.swift */; };
/* End PBXBuildFile section */

/* Begin PBXContainerItemProxy section */
		BAABD4CC260C7BCB0026A251 /* PBXContainerItemProxy */ = {
			isa = PBXContainerItemProxy;
			containerPortal = 207EE15325A3006D0030ECDD /* Project object */;
			proxyType = 1;
			remoteGlobalIDString = BAABD4C6260C7BCB0026A251;
			remoteInfo = GrandKeyboard;
		};
/* End PBXContainerItemProxy section */

/* Begin PBXCopyFilesBuildPhase section */
		BAABD4CF260C7BCB0026A251 /* Embed App Extensions */ = {
			isa = PBXCopyFilesBuildPhase;
			buildActionMask = 2147483647;
			dstPath = "";
			dstSubfolderSpec = 13;
			files = (
				BAABD4CE260C7BCB0026A251 /* GrandKeyboard.appex in Embed App Extensions */,
			);
			name = "Embed App Extensions";
			runOnlyForDeploymentPostprocessing = 0;
		};
/* End PBXCopyFilesBuildPhase section */

/* Begin PBXFileReference section */
		207EE15B25A3006D0030ECDD /* iOSProject.app */ = {isa = PBXFileReference; explicitFileType = wrapper.application; includeInIndex = 0; path = iOSProject.app; sourceTree = BUILT_PRODUCTS_DIR; };
		207EE15E25A3006D0030ECDD /* iOSProjectApp.swift */ = {isa = PBXFileReference; lastKnownFileType = sourcecode.swift; path = iOSProjectApp.swift; sourceTree = "<group>"; };
		207EE16025A3006D0030ECDD /* ContentView.swift */ = {isa = PBXFileReference; lastKnownFileType = sourcecode.swift; path = ContentView.swift; sourceTree = "<group>"; };
		207EE16225A3006F0030ECDD /* Assets.xcassets */ = {isa = PBXFileReference; lastKnownFileType = folder.assetcatalog; path = Assets.xcassets; sourceTree = "<group>"; };
		207EE16525A3006F0030ECDD /* Preview Assets.xcassets */ = {isa = PBXFileReference; lastKnownFileType = folder.assetcatalog; path = "Preview Assets.xcassets"; sourceTree = "<group>"; };
		207EE16725A3006F0030ECDD /* Info.plist */ = {isa = PBXFileReference; lastKnownFileType = text.plist.xml; path = Info.plist; sourceTree = "<group>"; };
		207EE27825A985920030ECDD /* gif0.gif */ = {isa = PBXFileReference; lastKnownFileType = image.gif; path = gif0.gif; sourceTree = "<group>"; };
		207EE27925A985920030ECDD /* test.mp4 */ = {isa = PBXFileReference; lastKnownFileType = file; path = test.mp4; sourceTree = "<group>"; };
		207EE27A25A985920030ECDD /* novel1.gif */ = {isa = PBXFileReference; lastKnownFileType = image.gif; path = novel1.gif; sourceTree = "<group>"; };
		207EE27B25A985920030ECDD /* novel2.gif */ = {isa = PBXFileReference; lastKnownFileType = image.gif; path = novel2.gif; sourceTree = "<group>"; };
		207EE27C25A985920030ECDD /* cxk.mp4 */ = {isa = PBXFileReference; lastKnownFileType = file; path = cxk.mp4; sourceTree = "<group>"; };
		207EE28825A9879A0030ECDD /* question.html */ = {isa = PBXFileReference; lastKnownFileType = text.html; name = question.html; path = ../Resource/question.html; sourceTree = "<group>"; };
		BA727DE12601AF570015DAA7 /* iOSProjectOC.app */ = {isa = PBXFileReference; explicitFileType = wrapper.application; includeInIndex = 0; path = iOSProjectOC.app; sourceTree = BUILT_PRODUCTS_DIR; };
		BA727DE32601AF570015DAA7 /* AppDelegate.h */ = {isa = PBXFileReference; lastKnownFileType = sourcecode.c.h; path = AppDelegate.h; sourceTree = "<group>"; };
		BA727DE42601AF570015DAA7 /* AppDelegate.m */ = {isa = PBXFileReference; lastKnownFileType = sourcecode.c.objc; path = AppDelegate.m; sourceTree = "<group>"; };
		BA727DE62601AF570015DAA7 /* SceneDelegate.h */ = {isa = PBXFileReference; lastKnownFileType = sourcecode.c.h; path = SceneDelegate.h; sourceTree = "<group>"; };
		BA727DE72601AF570015DAA7 /* SceneDelegate.m */ = {isa = PBXFileReference; lastKnownFileType = sourcecode.c.objc; path = SceneDelegate.m; sourceTree = "<group>"; };
		BA727DE92601AF570015DAA7 /* ViewController.h */ = {isa = PBXFileReference; lastKnownFileType = sourcecode.c.h; path = ViewController.h; sourceTree = "<group>"; };
		BA727DEA2601AF570015DAA7 /* ViewController.m */ = {isa = PBXFileReference; lastKnownFileType = sourcecode.c.objc; path = ViewController.m; sourceTree = "<group>"; };
		BA727DEF2601AF590015DAA7 /* Assets.xcassets */ = {isa = PBXFileReference; lastKnownFileType = folder.assetcatalog; path = Assets.xcassets; sourceTree = "<group>"; };
		BA727DF22601AF590015DAA7 /* Base */ = {isa = PBXFileReference; lastKnownFileType = file.storyboard; name = Base; path = Base.lproj/LaunchScreen.storyboard; sourceTree = "<group>"; };
		BA727DF42601AF590015DAA7 /* Info.plist */ = {isa = PBXFileReference; lastKnownFileType = text.plist.xml; path = Info.plist; sourceTree = "<group>"; };
		BA727DF52601AF590015DAA7 /* main.m */ = {isa = PBXFileReference; lastKnownFileType = sourcecode.c.objc; path = main.m; sourceTree = "<group>"; };
		BAABD4C7260C7BCB0026A251 /* GrandKeyboard.appex */ = {isa = PBXFileReference; explicitFileType = "wrapper.app-extension"; includeInIndex = 0; path = GrandKeyboard.appex; sourceTree = BUILT_PRODUCTS_DIR; };
		BAABD4C9260C7BCB0026A251 /* KeyboardViewController.swift */ = {isa = PBXFileReference; lastKnownFileType = sourcecode.swift; path = KeyboardViewController.swift; sourceTree = "<group>"; };
		BAABD4CB260C7BCB0026A251 /* Info.plist */ = {isa = PBXFileReference; lastKnownFileType = text.plist.xml; path = Info.plist; sourceTree = "<group>"; };
		BAD9DADC260450B000C0530C /* iOSProjectOC-Bridging-Header.h */ = {isa = PBXFileReference; lastKnownFileType = sourcecode.c.h; path = "iOSProjectOC-Bridging-Header.h"; sourceTree = "<group>"; };
		BAD9DADD260450B100C0530C /* AdViewController.swift */ = {isa = PBXFileReference; lastKnownFileType = sourcecode.swift; path = AdViewController.swift; sourceTree = "<group>"; };
/* End PBXFileReference section */

/* Begin PBXFrameworksBuildPhase section */
		207EE15825A3006D0030ECDD /* Frameworks */ = {
			isa = PBXFrameworksBuildPhase;
			buildActionMask = 2147483647;
			files = (
				207EE17525A303970030ECDD /* FoundationPackage in Frameworks */,
				207EE1B625A456090030ECDD /* GrandModel in Frameworks */,
				207EE1C225A458600030ECDD /* Kingfisher in Frameworks */,
				207EE26225A965FB0030ECDD /* Gifu in Frameworks */,
				207EE1AE25A455850030ECDD /* GrandMenu in Frameworks */,
				AE61F16625E4FCB300905B9F /* SwiftyMarkdown in Frameworks */,
				207EE1B225A455E30030ECDD /* ViewChaos in Frameworks */,
				207EE25525A841C10030ECDD /* GrandRefresh in Frameworks */,
				207EE1CE25A459720030ECDD /* SwiftyJSON in Frameworks */,
				207EE17325A303950030ECDD /* CommonLibrary in Frameworks */,
				207EE17B25A3039F0030ECDD /* ProjectPackage in Frameworks */,
				207EE18225A306FC0030ECDD /* SnapKit in Frameworks */,
				207EE1D225A459BA0030ECDD /* Alamofire in Frameworks */,
				207EE1AA25A455650030ECDD /* GrandTime in Frameworks */,
				207EE1CA25A4590F0030ECDD /* IQKeyboardManagerSwift in Frameworks */,
				207EE1C625A458C60030ECDD /* Kanna in Frameworks */,
				207EE1BE25A458150030ECDD /* KRProgressHUD in Frameworks */,
				207EE17725A3039A0030ECDD /* MediaPackage in Frameworks */,
				207EE1A625A43BE90030ECDD /* ZLPhotoBrowser in Frameworks */,
				207EE17925A3039C0030ECDD /* UIPackage in Frameworks */,
				207EE1BA25A4562A0030ECDD /* GrandStore in Frameworks */,
			);
			runOnlyForDeploymentPostprocessing = 0;
		};
		BA727DDE2601AF570015DAA7 /* Frameworks */ = {
			isa = PBXFrameworksBuildPhase;
			buildActionMask = 2147483647;
			files = (
			);
			runOnlyForDeploymentPostprocessing = 0;
		};
		BAABD4C4260C7BCB0026A251 /* Frameworks */ = {
			isa = PBXFrameworksBuildPhase;
			buildActionMask = 2147483647;
			files = (
			);
			runOnlyForDeploymentPostprocessing = 0;
		};
/* End PBXFrameworksBuildPhase section */

/* Begin PBXGroup section */
		207EE15225A3006D0030ECDD = {
			isa = PBXGroup;
			children = (
				207EE28825A9879A0030ECDD /* question.html */,
				207EE27725A985920030ECDD /* Resource */,
				207EE15D25A3006D0030ECDD /* iOSProject */,
				BA727DE22601AF570015DAA7 /* iOSProjectOC */,
				BAABD4C8260C7BCB0026A251 /* GrandKeyboard */,
				207EE15C25A3006D0030ECDD /* Products */,
				207EE17125A303950030ECDD /* Frameworks */,
			);
			sourceTree = "<group>";
		};
		207EE15C25A3006D0030ECDD /* Products */ = {
			isa = PBXGroup;
			children = (
				207EE15B25A3006D0030ECDD /* iOSProject.app */,
				BA727DE12601AF570015DAA7 /* iOSProjectOC.app */,
				BAABD4C7260C7BCB0026A251 /* GrandKeyboard.appex */,
			);
			name = Products;
			sourceTree = "<group>";
		};
		207EE15D25A3006D0030ECDD /* iOSProject */ = {
			isa = PBXGroup;
			children = (
				207EE15E25A3006D0030ECDD /* iOSProjectApp.swift */,
				207EE16025A3006D0030ECDD /* ContentView.swift */,
				207EE16225A3006F0030ECDD /* Assets.xcassets */,
				207EE16725A3006F0030ECDD /* Info.plist */,
				207EE16425A3006F0030ECDD /* Preview Content */,
			);
			path = iOSProject;
			sourceTree = "<group>";
		};
		207EE16425A3006F0030ECDD /* Preview Content */ = {
			isa = PBXGroup;
			children = (
				207EE16525A3006F0030ECDD /* Preview Assets.xcassets */,
			);
			path = "Preview Content";
			sourceTree = "<group>";
		};
		207EE17125A303950030ECDD /* Frameworks */ = {
			isa = PBXGroup;
			children = (
			);
			name = Frameworks;
			sourceTree = "<group>";
		};
		207EE27725A985920030ECDD /* Resource */ = {
			isa = PBXGroup;
			children = (
				207EE27825A985920030ECDD /* gif0.gif */,
				207EE27925A985920030ECDD /* test.mp4 */,
				207EE27A25A985920030ECDD /* novel1.gif */,
				207EE27B25A985920030ECDD /* novel2.gif */,
				207EE27C25A985920030ECDD /* cxk.mp4 */,
			);
			name = Resource;
			path = ../Resource;
			sourceTree = "<group>";
		};
		BA727DE22601AF570015DAA7 /* iOSProjectOC */ = {
			isa = PBXGroup;
			children = (
				BA727DE32601AF570015DAA7 /* AppDelegate.h */,
				BA727DE42601AF570015DAA7 /* AppDelegate.m */,
				BA727DE62601AF570015DAA7 /* SceneDelegate.h */,
				BA727DE72601AF570015DAA7 /* SceneDelegate.m */,
				BA727DE92601AF570015DAA7 /* ViewController.h */,
				BA727DEA2601AF570015DAA7 /* ViewController.m */,
				BA727DEF2601AF590015DAA7 /* Assets.xcassets */,
				BA727DF12601AF590015DAA7 /* LaunchScreen.storyboard */,
				BA727DF42601AF590015DAA7 /* Info.plist */,
				BA727DF52601AF590015DAA7 /* main.m */,
				BAD9DADD260450B100C0530C /* AdViewController.swift */,
				BAD9DADC260450B000C0530C /* iOSProjectOC-Bridging-Header.h */,
			);
			path = iOSProjectOC;
			sourceTree = "<group>";
		};
		BAABD4C8260C7BCB0026A251 /* GrandKeyboard */ = {
			isa = PBXGroup;
			children = (
				BAABD4C9260C7BCB0026A251 /* KeyboardViewController.swift */,
				BAABD4CB260C7BCB0026A251 /* Info.plist */,
			);
			path = GrandKeyboard;
			sourceTree = "<group>";
		};
/* End PBXGroup section */

/* Begin PBXNativeTarget section */
		207EE15A25A3006D0030ECDD /* iOSProject */ = {
			isa = PBXNativeTarget;
			buildConfigurationList = 207EE16A25A3006F0030ECDD /* Build configuration list for PBXNativeTarget "iOSProject" */;
			buildPhases = (
				207EE15725A3006D0030ECDD /* Sources */,
				207EE15825A3006D0030ECDD /* Frameworks */,
				207EE15925A3006D0030ECDD /* Resources */,
				BAABD4CF260C7BCB0026A251 /* Embed App Extensions */,
			);
			buildRules = (
			);
			dependencies = (
				BAABD4CD260C7BCB0026A251 /* PBXTargetDependency */,
			);
			name = iOSProject;
			packageProductDependencies = (
				207EE17225A303950030ECDD /* CommonLibrary */,
				207EE17425A303970030ECDD /* FoundationPackage */,
				207EE17625A3039A0030ECDD /* MediaPackage */,
				207EE17825A3039C0030ECDD /* UIPackage */,
				207EE17A25A3039F0030ECDD /* ProjectPackage */,
				207EE18125A306FC0030ECDD /* SnapKit */,
				207EE1A525A43BE90030ECDD /* ZLPhotoBrowser */,
				207EE1A925A455650030ECDD /* GrandTime */,
				207EE1AD25A455850030ECDD /* GrandMenu */,
				207EE1B125A455E30030ECDD /* ViewChaos */,
				207EE1B525A456090030ECDD /* GrandModel */,
				207EE1B925A4562A0030ECDD /* GrandStore */,
				207EE1BD25A458150030ECDD /* KRProgressHUD */,
				207EE1C125A458600030ECDD /* Kingfisher */,
				207EE1C525A458C60030ECDD /* Kanna */,
				207EE1C925A4590F0030ECDD /* IQKeyboardManagerSwift */,
				207EE1CD25A459720030ECDD /* SwiftyJSON */,
				207EE1D125A459BA0030ECDD /* Alamofire */,
				207EE25425A841C10030ECDD /* GrandRefresh */,
				207EE26125A965FB0030ECDD /* Gifu */,
				AE61F16525E4FCB300905B9F /* SwiftyMarkdown */,
			);
			productName = iOSProject;
			productReference = 207EE15B25A3006D0030ECDD /* iOSProject.app */;
			productType = "com.apple.product-type.application";
		};
		BA727DE02601AF570015DAA7 /* iOSProjectOC */ = {
			isa = PBXNativeTarget;
			buildConfigurationList = BA727DF92601AF590015DAA7 /* Build configuration list for PBXNativeTarget "iOSProjectOC" */;
			buildPhases = (
				BA727DDD2601AF570015DAA7 /* Sources */,
				BA727DDE2601AF570015DAA7 /* Frameworks */,
				BA727DDF2601AF570015DAA7 /* Resources */,
			);
			buildRules = (
			);
			dependencies = (
			);
			name = iOSProjectOC;
			productName = iOSProjectOC;
			productReference = BA727DE12601AF570015DAA7 /* iOSProjectOC.app */;
			productType = "com.apple.product-type.application";
		};
		BAABD4C6260C7BCB0026A251 /* GrandKeyboard */ = {
			isa = PBXNativeTarget;
			buildConfigurationList = BAABD4D2260C7BCB0026A251 /* Build configuration list for PBXNativeTarget "GrandKeyboard" */;
			buildPhases = (
				BAABD4C3260C7BCB0026A251 /* Sources */,
				BAABD4C4260C7BCB0026A251 /* Frameworks */,
				BAABD4C5260C7BCB0026A251 /* Resources */,
			);
			buildRules = (
			);
			dependencies = (
			);
			name = GrandKeyboard;
			productName = GrandKeyboard;
			productReference = BAABD4C7260C7BCB0026A251 /* GrandKeyboard.appex */;
			productType = "com.apple.product-type.app-extension";
		};
/* End PBXNativeTarget section */

/* Begin PBXProject section */
		207EE15325A3006D0030ECDD /* Project object */ = {
			isa = PBXProject;
			attributes = {
				LastSwiftUpdateCheck = 1240;
				LastUpgradeCheck = 1230;
				TargetAttributes = {
					207EE15A25A3006D0030ECDD = {
						CreatedOnToolsVersion = 12.3;
					};
					BA727DE02601AF570015DAA7 = {
						CreatedOnToolsVersion = 12.4;
						LastSwiftMigration = 1240;
					};
					BAABD4C6260C7BCB0026A251 = {
						CreatedOnToolsVersion = 12.4;
					};
				};
			};
			buildConfigurationList = 207EE15625A3006D0030ECDD /* Build configuration list for PBXProject "iOSProject" */;
			compatibilityVersion = "Xcode 9.3";
			developmentRegion = en;
			hasScannedForEncodings = 0;
			knownRegions = (
				en,
				Base,
			);
			mainGroup = 207EE15225A3006D0030ECDD;
			packageReferences = (
				207EE18025A306FC0030ECDD /* XCRemoteSwiftPackageReference "SnapKit" */,
				207EE1A425A43BE90030ECDD /* XCRemoteSwiftPackageReference "ZLPhotoBrowser" */,
				207EE1A825A455650030ECDD /* XCRemoteSwiftPackageReference "GrandTime" */,
				207EE1AC25A455850030ECDD /* XCRemoteSwiftPackageReference "GrandMenu" */,
				207EE1B025A455E30030ECDD /* XCRemoteSwiftPackageReference "ViewChaos" */,
				207EE1B425A456090030ECDD /* XCRemoteSwiftPackageReference "GrandModel" */,
				207EE1B825A4562A0030ECDD /* XCRemoteSwiftPackageReference "GrandStore" */,
				207EE1BC25A458150030ECDD /* XCRemoteSwiftPackageReference "KRProgressHUD" */,
				207EE1C025A458600030ECDD /* XCRemoteSwiftPackageReference "Kingfisher" */,
				207EE1C425A458C60030ECDD /* XCRemoteSwiftPackageReference "Kanna" */,
				207EE1C825A4590F0030ECDD /* XCRemoteSwiftPackageReference "IQKeyboardManager" */,
				207EE1CC25A459720030ECDD /* XCRemoteSwiftPackageReference "SwiftyJSON" */,
				207EE1D025A459BA0030ECDD /* XCRemoteSwiftPackageReference "Alamofire" */,
				207EE25325A841C10030ECDD /* XCRemoteSwiftPackageReference "GrandRefresh" */,
				207EE26025A965FB0030ECDD /* XCRemoteSwiftPackageReference "Gifu" */,
				AE61F16425E4FCB300905B9F /* XCRemoteSwiftPackageReference "SwiftyMarkdown" */,
			);
			productRefGroup = 207EE15C25A3006D0030ECDD /* Products */;
			projectDirPath = "";
			projectRoot = "";
			targets = (
				207EE15A25A3006D0030ECDD /* iOSProject */,
				BA727DE02601AF570015DAA7 /* iOSProjectOC */,
				BAABD4C6260C7BCB0026A251 /* GrandKeyboard */,
			);
		};
/* End PBXProject section */

/* Begin PBXResourcesBuildPhase section */
		207EE15925A3006D0030ECDD /* Resources */ = {
			isa = PBXResourcesBuildPhase;
			buildActionMask = 2147483647;
			files = (
				207EE28925A9879B0030ECDD /* question.html in Resources */,
				207EE27E25A985EC0030ECDD /* gif0.gif in Resources */,
				207EE16625A3006F0030ECDD /* Preview Assets.xcassets in Resources */,
				207EE16325A3006F0030ECDD /* Assets.xcassets in Resources */,
			);
			runOnlyForDeploymentPostprocessing = 0;
		};
		BA727DDF2601AF570015DAA7 /* Resources */ = {
			isa = PBXResourcesBuildPhase;
			buildActionMask = 2147483647;
			files = (
				BA727DF32601AF590015DAA7 /* LaunchScreen.storyboard in Resources */,
				BA727DF02601AF590015DAA7 /* Assets.xcassets in Resources */,
			);
			runOnlyForDeploymentPostprocessing = 0;
		};
		BAABD4C5260C7BCB0026A251 /* Resources */ = {
			isa = PBXResourcesBuildPhase;
			buildActionMask = 2147483647;
			files = (
			);
			runOnlyForDeploymentPostprocessing = 0;
		};
/* End PBXResourcesBuildPhase section */

/* Begin PBXSourcesBuildPhase section */
		207EE15725A3006D0030ECDD /* Sources */ = {
			isa = PBXSourcesBuildPhase;
			buildActionMask = 2147483647;
			files = (
				207EE16125A3006D0030ECDD /* ContentView.swift in Sources */,
				207EE15F25A3006D0030ECDD /* iOSProjectApp.swift in Sources */,
			);
			runOnlyForDeploymentPostprocessing = 0;
		};
		BA727DDD2601AF570015DAA7 /* Sources */ = {
			isa = PBXSourcesBuildPhase;
			buildActionMask = 2147483647;
			files = (
				BA727DEB2601AF570015DAA7 /* ViewController.m in Sources */,
				BAD9DADE260450B100C0530C /* AdViewController.swift in Sources */,
				BA727DE52601AF570015DAA7 /* AppDelegate.m in Sources */,
				BA727DF62601AF590015DAA7 /* main.m in Sources */,
				BA727DE82601AF570015DAA7 /* SceneDelegate.m in Sources */,
			);
			runOnlyForDeploymentPostprocessing = 0;
		};
		BAABD4C3260C7BCB0026A251 /* Sources */ = {
			isa = PBXSourcesBuildPhase;
			buildActionMask = 2147483647;
			files = (
				BAABD4CA260C7BCB0026A251 /* KeyboardViewController.swift in Sources */,
			);
			runOnlyForDeploymentPostprocessing = 0;
		};
/* End PBXSourcesBuildPhase section */

/* Begin PBXTargetDependency section */
		BAABD4CD260C7BCB0026A251 /* PBXTargetDependency */ = {
			isa = PBXTargetDependency;
			target = BAABD4C6260C7BCB0026A251 /* GrandKeyboard */;
			targetProxy = BAABD4CC260C7BCB0026A251 /* PBXContainerItemProxy */;
		};
/* End PBXTargetDependency section */

/* Begin PBXVariantGroup section */
		BA727DF12601AF590015DAA7 /* LaunchScreen.storyboard */ = {
			isa = PBXVariantGroup;
			children = (
				BA727DF22601AF590015DAA7 /* Base */,
			);
			name = LaunchScreen.storyboard;
			sourceTree = "<group>";
		};
/* End PBXVariantGroup section */

/* Begin XCBuildConfiguration section */
		207EE16825A3006F0030ECDD /* Debug */ = {
			isa = XCBuildConfiguration;
			buildSettings = {
				ALWAYS_SEARCH_USER_PATHS = NO;
				CLANG_ANALYZER_NONNULL = YES;
				CLANG_ANALYZER_NUMBER_OBJECT_CONVERSION = YES_AGGRESSIVE;
				CLANG_CXX_LANGUAGE_STANDARD = "gnu++14";
				CLANG_CXX_LIBRARY = "libc++";
				CLANG_ENABLE_MODULES = YES;
				CLANG_ENABLE_OBJC_ARC = YES;
				CLANG_ENABLE_OBJC_WEAK = YES;
				CLANG_WARN_BLOCK_CAPTURE_AUTORELEASING = YES;
				CLANG_WARN_BOOL_CONVERSION = YES;
				CLANG_WARN_COMMA = YES;
				CLANG_WARN_CONSTANT_CONVERSION = YES;
				CLANG_WARN_DEPRECATED_OBJC_IMPLEMENTATIONS = YES;
				CLANG_WARN_DIRECT_OBJC_ISA_USAGE = YES_ERROR;
				CLANG_WARN_DOCUMENTATION_COMMENTS = YES;
				CLANG_WARN_EMPTY_BODY = YES;
				CLANG_WARN_ENUM_CONVERSION = YES;
				CLANG_WARN_INFINITE_RECURSION = YES;
				CLANG_WARN_INT_CONVERSION = YES;
				CLANG_WARN_NON_LITERAL_NULL_CONVERSION = YES;
				CLANG_WARN_OBJC_IMPLICIT_RETAIN_SELF = YES;
				CLANG_WARN_OBJC_LITERAL_CONVERSION = YES;
				CLANG_WARN_OBJC_ROOT_CLASS = YES_ERROR;
				CLANG_WARN_QUOTED_INCLUDE_IN_FRAMEWORK_HEADER = YES;
				CLANG_WARN_RANGE_LOOP_ANALYSIS = YES;
				CLANG_WARN_STRICT_PROTOTYPES = YES;
				CLANG_WARN_SUSPICIOUS_MOVE = YES;
				CLANG_WARN_UNGUARDED_AVAILABILITY = YES_AGGRESSIVE;
				CLANG_WARN_UNREACHABLE_CODE = YES;
				CLANG_WARN__DUPLICATE_METHOD_MATCH = YES;
				COPY_PHASE_STRIP = NO;
				DEBUG_INFORMATION_FORMAT = dwarf;
				ENABLE_STRICT_OBJC_MSGSEND = YES;
				ENABLE_TESTABILITY = YES;
				GCC_C_LANGUAGE_STANDARD = gnu11;
				GCC_DYNAMIC_NO_PIC = NO;
				GCC_NO_COMMON_BLOCKS = YES;
				GCC_OPTIMIZATION_LEVEL = 0;
				GCC_PREPROCESSOR_DEFINITIONS = (
					"DEBUG=1",
					"$(inherited)",
				);
				GCC_WARN_64_TO_32_BIT_CONVERSION = YES;
				GCC_WARN_ABOUT_RETURN_TYPE = YES_ERROR;
				GCC_WARN_UNDECLARED_SELECTOR = YES;
				GCC_WARN_UNINITIALIZED_AUTOS = YES_AGGRESSIVE;
				GCC_WARN_UNUSED_FUNCTION = YES;
				GCC_WARN_UNUSED_VARIABLE = YES;
				IPHONEOS_DEPLOYMENT_TARGET = 14.3;
				MTL_ENABLE_DEBUG_INFO = INCLUDE_SOURCE;
				MTL_FAST_MATH = YES;
				ONLY_ACTIVE_ARCH = YES;
				SDKROOT = iphoneos;
				SWIFT_ACTIVE_COMPILATION_CONDITIONS = DEBUG;
				SWIFT_OPTIMIZATION_LEVEL = "-Onone";
			};
			name = Debug;
		};
		207EE16925A3006F0030ECDD /* Release */ = {
			isa = XCBuildConfiguration;
			buildSettings = {
				ALWAYS_SEARCH_USER_PATHS = NO;
				CLANG_ANALYZER_NONNULL = YES;
				CLANG_ANALYZER_NUMBER_OBJECT_CONVERSION = YES_AGGRESSIVE;
				CLANG_CXX_LANGUAGE_STANDARD = "gnu++14";
				CLANG_CXX_LIBRARY = "libc++";
				CLANG_ENABLE_MODULES = YES;
				CLANG_ENABLE_OBJC_ARC = YES;
				CLANG_ENABLE_OBJC_WEAK = YES;
				CLANG_WARN_BLOCK_CAPTURE_AUTORELEASING = YES;
				CLANG_WARN_BOOL_CONVERSION = YES;
				CLANG_WARN_COMMA = YES;
				CLANG_WARN_CONSTANT_CONVERSION = YES;
				CLANG_WARN_DEPRECATED_OBJC_IMPLEMENTATIONS = YES;
				CLANG_WARN_DIRECT_OBJC_ISA_USAGE = YES_ERROR;
				CLANG_WARN_DOCUMENTATION_COMMENTS = YES;
				CLANG_WARN_EMPTY_BODY = YES;
				CLANG_WARN_ENUM_CONVERSION = YES;
				CLANG_WARN_INFINITE_RECURSION = YES;
				CLANG_WARN_INT_CONVERSION = YES;
				CLANG_WARN_NON_LITERAL_NULL_CONVERSION = YES;
				CLANG_WARN_OBJC_IMPLICIT_RETAIN_SELF = YES;
				CLANG_WARN_OBJC_LITERAL_CONVERSION = YES;
				CLANG_WARN_OBJC_ROOT_CLASS = YES_ERROR;
				CLANG_WARN_QUOTED_INCLUDE_IN_FRAMEWORK_HEADER = YES;
				CLANG_WARN_RANGE_LOOP_ANALYSIS = YES;
				CLANG_WARN_STRICT_PROTOTYPES = YES;
				CLANG_WARN_SUSPICIOUS_MOVE = YES;
				CLANG_WARN_UNGUARDED_AVAILABILITY = YES_AGGRESSIVE;
				CLANG_WARN_UNREACHABLE_CODE = YES;
				CLANG_WARN__DUPLICATE_METHOD_MATCH = YES;
				COPY_PHASE_STRIP = NO;
				DEBUG_INFORMATION_FORMAT = "dwarf-with-dsym";
				ENABLE_NS_ASSERTIONS = NO;
				ENABLE_STRICT_OBJC_MSGSEND = YES;
				GCC_C_LANGUAGE_STANDARD = gnu11;
				GCC_NO_COMMON_BLOCKS = YES;
				GCC_WARN_64_TO_32_BIT_CONVERSION = YES;
				GCC_WARN_ABOUT_RETURN_TYPE = YES_ERROR;
				GCC_WARN_UNDECLARED_SELECTOR = YES;
				GCC_WARN_UNINITIALIZED_AUTOS = YES_AGGRESSIVE;
				GCC_WARN_UNUSED_FUNCTION = YES;
				GCC_WARN_UNUSED_VARIABLE = YES;
				IPHONEOS_DEPLOYMENT_TARGET = 14.3;
				MTL_ENABLE_DEBUG_INFO = NO;
				MTL_FAST_MATH = YES;
				SDKROOT = iphoneos;
				SWIFT_COMPILATION_MODE = wholemodule;
				SWIFT_OPTIMIZATION_LEVEL = "-O";
				VALIDATE_PRODUCT = YES;
			};
			name = Release;
		};
		207EE16B25A3006F0030ECDD /* Debug */ = {
			isa = XCBuildConfiguration;
			buildSettings = {
				ALWAYS_EMBED_SWIFT_STANDARD_LIBRARIES = YES;
				ASSETCATALOG_COMPILER_APPICON_NAME = AppIcon;
				ASSETCATALOG_COMPILER_GLOBAL_ACCENT_COLOR_NAME = AccentColor;
				CODE_SIGN_STYLE = Automatic;
				DEVELOPMENT_ASSET_PATHS = "\"iOSProject/Preview Content\"";
				DEVELOPMENT_TEAM = 3YCGH6CCXA;
				ENABLE_PREVIEWS = YES;
				INFOPLIST_FILE = iOSProject/Info.plist;
				IPHONEOS_DEPLOYMENT_TARGET = 14.0;
				LD_RUNPATH_SEARCH_PATHS = (
					"$(inherited)",
					"@executable_path/Frameworks",
				);
				PRODUCT_BUNDLE_IDENTIFIER = ShadowEdge.iOSProject;
				PRODUCT_NAME = "$(TARGET_NAME)";
				SWIFT_VERSION = 5.0;
				TARGETED_DEVICE_FAMILY = "1,2";
			};
			name = Debug;
		};
		207EE16C25A3006F0030ECDD /* Release */ = {
			isa = XCBuildConfiguration;
			buildSettings = {
				ALWAYS_EMBED_SWIFT_STANDARD_LIBRARIES = YES;
				ASSETCATALOG_COMPILER_APPICON_NAME = AppIcon;
				ASSETCATALOG_COMPILER_GLOBAL_ACCENT_COLOR_NAME = AccentColor;
				CODE_SIGN_STYLE = Automatic;
				DEVELOPMENT_ASSET_PATHS = "\"iOSProject/Preview Content\"";
				DEVELOPMENT_TEAM = 3YCGH6CCXA;
				ENABLE_PREVIEWS = YES;
				INFOPLIST_FILE = iOSProject/Info.plist;
				IPHONEOS_DEPLOYMENT_TARGET = 14.0;
				LD_RUNPATH_SEARCH_PATHS = (
					"$(inherited)",
					"@executable_path/Frameworks",
				);
				PRODUCT_BUNDLE_IDENTIFIER = ShadowEdge.iOSProject;
				PRODUCT_NAME = "$(TARGET_NAME)";
				SWIFT_VERSION = 5.0;
				TARGETED_DEVICE_FAMILY = "1,2";
			};
			name = Release;
		};
		BA727DF72601AF590015DAA7 /* Debug */ = {
			isa = XCBuildConfiguration;
			buildSettings = {
				ASSETCATALOG_COMPILER_APPICON_NAME = AppIcon;
				ASSETCATALOG_COMPILER_GLOBAL_ACCENT_COLOR_NAME = AccentColor;
				CLANG_ENABLE_MODULES = YES;
				CODE_SIGN_STYLE = Automatic;
				DEVELOPMENT_TEAM = 3YCGH6CCXA;
				INFOPLIST_FILE = iOSProjectOC/Info.plist;
				IPHONEOS_DEPLOYMENT_TARGET = 14.4;
				LD_RUNPATH_SEARCH_PATHS = (
					"$(inherited)",
					"@executable_path/Frameworks",
				);
				PRODUCT_BUNDLE_IDENTIFIER = ShadowEdge.iOSProjectOC;
				PRODUCT_NAME = "$(TARGET_NAME)";
				SWIFT_OBJC_BRIDGING_HEADER = "iOSProjectOC/iOSProjectOC-Bridging-Header.h";
				SWIFT_OPTIMIZATION_LEVEL = "-Onone";
				SWIFT_VERSION = 5.0;
				TARGETED_DEVICE_FAMILY = "1,2";
			};
			name = Debug;
		};
		BA727DF82601AF590015DAA7 /* Release */ = {
			isa = XCBuildConfiguration;
			buildSettings = {
				ASSETCATALOG_COMPILER_APPICON_NAME = AppIcon;
				ASSETCATALOG_COMPILER_GLOBAL_ACCENT_COLOR_NAME = AccentColor;
				CLANG_ENABLE_MODULES = YES;
				CODE_SIGN_STYLE = Automatic;
				DEVELOPMENT_TEAM = 3YCGH6CCXA;
				INFOPLIST_FILE = iOSProjectOC/Info.plist;
				IPHONEOS_DEPLOYMENT_TARGET = 14.4;
				LD_RUNPATH_SEARCH_PATHS = (
					"$(inherited)",
					"@executable_path/Frameworks",
				);
				PRODUCT_BUNDLE_IDENTIFIER = ShadowEdge.iOSProjectOC;
				PRODUCT_NAME = "$(TARGET_NAME)";
				SWIFT_OBJC_BRIDGING_HEADER = "iOSProjectOC/iOSProjectOC-Bridging-Header.h";
				SWIFT_VERSION = 5.0;
				TARGETED_DEVICE_FAMILY = "1,2";
			};
			name = Release;
		};
		BAABD4D0260C7BCB0026A251 /* Debug */ = {
			isa = XCBuildConfiguration;
			buildSettings = {
				CODE_SIGN_STYLE = Automatic;
				DEVELOPMENT_TEAM = 3YCGH6CCXA;
				INFOPLIST_FILE = GrandKeyboard/Info.plist;
				IPHONEOS_DEPLOYMENT_TARGET = 14.4;
				LD_RUNPATH_SEARCH_PATHS = (
					"$(inherited)",
					"@executable_path/Frameworks",
					"@executable_path/../../Frameworks",
				);
				PRODUCT_BUNDLE_IDENTIFIER = ShadowEdge.iOSProject.GrandKeyboard;
				PRODUCT_NAME = "$(TARGET_NAME)";
				SKIP_INSTALL = YES;
				SWIFT_VERSION = 5.0;
				TARGETED_DEVICE_FAMILY = "1,2";
			};
			name = Debug;
		};
		BAABD4D1260C7BCB0026A251 /* Release */ = {
			isa = XCBuildConfiguration;
			buildSettings = {
				CODE_SIGN_STYLE = Automatic;
				DEVELOPMENT_TEAM = 3YCGH6CCXA;
				INFOPLIST_FILE = GrandKeyboard/Info.plist;
				IPHONEOS_DEPLOYMENT_TARGET = 14.4;
				LD_RUNPATH_SEARCH_PATHS = (
					"$(inherited)",
					"@executable_path/Frameworks",
					"@executable_path/../../Frameworks",
				);
				PRODUCT_BUNDLE_IDENTIFIER = ShadowEdge.iOSProject.GrandKeyboard;
				PRODUCT_NAME = "$(TARGET_NAME)";
				SKIP_INSTALL = YES;
				SWIFT_VERSION = 5.0;
				TARGETED_DEVICE_FAMILY = "1,2";
			};
			name = Release;
		};
/* End XCBuildConfiguration section */

/* Begin XCConfigurationList section */
		207EE15625A3006D0030ECDD /* Build configuration list for PBXProject "iOSProject" */ = {
			isa = XCConfigurationList;
			buildConfigurations = (
				207EE16825A3006F0030ECDD /* Debug */,
				207EE16925A3006F0030ECDD /* Release */,
			);
			defaultConfigurationIsVisible = 0;
			defaultConfigurationName = Release;
		};
		207EE16A25A3006F0030ECDD /* Build configuration list for PBXNativeTarget "iOSProject" */ = {
			isa = XCConfigurationList;
			buildConfigurations = (
				207EE16B25A3006F0030ECDD /* Debug */,
				207EE16C25A3006F0030ECDD /* Release */,
			);
			defaultConfigurationIsVisible = 0;
			defaultConfigurationName = Release;
		};
		BA727DF92601AF590015DAA7 /* Build configuration list for PBXNativeTarget "iOSProjectOC" */ = {
			isa = XCConfigurationList;
			buildConfigurations = (
				BA727DF72601AF590015DAA7 /* Debug */,
				BA727DF82601AF590015DAA7 /* Release */,
			);
			defaultConfigurationIsVisible = 0;
			defaultConfigurationName = Release;
		};
		BAABD4D2260C7BCB0026A251 /* Build configuration list for PBXNativeTarget "GrandKeyboard" */ = {
			isa = XCConfigurationList;
			buildConfigurations = (
				BAABD4D0260C7BCB0026A251 /* Debug */,
				BAABD4D1260C7BCB0026A251 /* Release */,
			);
			defaultConfigurationIsVisible = 0;
			defaultConfigurationName = Release;
		};
/* End XCConfigurationList section */

/* Begin XCRemoteSwiftPackageReference section */
		207EE18025A306FC0030ECDD /* XCRemoteSwiftPackageReference "SnapKit" */ = {
			isa = XCRemoteSwiftPackageReference;
			repositoryURL = "https://github.com/SnapKit/SnapKit";
			requirement = {
				kind = upToNextMajorVersion;
				minimumVersion = 5.0.1;
			};
		};
		207EE1A425A43BE90030ECDD /* XCRemoteSwiftPackageReference "ZLPhotoBrowser" */ = {
			isa = XCRemoteSwiftPackageReference;
			repositoryURL = "https://github.com/longitachi/ZLPhotoBrowser";
			requirement = {
				kind = upToNextMajorVersion;
				minimumVersion = 4.1.2;
			};
		};
		207EE1A825A455650030ECDD /* XCRemoteSwiftPackageReference "GrandTime" */ = {
			isa = XCRemoteSwiftPackageReference;
			repositoryURL = "https://github.com/DuckDeck/GrandTime";
			requirement = {
				kind = upToNextMajorVersion;
				minimumVersion = 2.0.0;
			};
		};
		207EE1AC25A455850030ECDD /* XCRemoteSwiftPackageReference "GrandMenu" */ = {
			isa = XCRemoteSwiftPackageReference;
			repositoryURL = "https://github.com/DuckDeck/GrandMenu";
			requirement = {
				kind = upToNextMajorVersion;
				minimumVersion = 2.0.1;
			};
		};
		207EE1B025A455E30030ECDD /* XCRemoteSwiftPackageReference "ViewChaos" */ = {
			isa = XCRemoteSwiftPackageReference;
			repositoryURL = "https://github.com/DuckDeck/ViewChaos";
			requirement = {
				kind = upToNextMajorVersion;
				minimumVersion = 2.1.1;
			};
		};
		207EE1B425A456090030ECDD /* XCRemoteSwiftPackageReference "GrandModel" */ = {
			isa = XCRemoteSwiftPackageReference;
			repositoryURL = "https://github.com/DuckDeck/GrandModel";
			requirement = {
				kind = upToNextMajorVersion;
				minimumVersion = 2.0.2;
			};
		};
		207EE1B825A4562A0030ECDD /* XCRemoteSwiftPackageReference "GrandStore" */ = {
			isa = XCRemoteSwiftPackageReference;
			repositoryURL = "https://github.com/DuckDeck/GrandStore";
			requirement = {
				kind = upToNextMajorVersion;
				minimumVersion = 2.0.0;
			};
		};
		207EE1BC25A458150030ECDD /* XCRemoteSwiftPackageReference "KRProgressHUD" */ = {
			isa = XCRemoteSwiftPackageReference;
			repositoryURL = "https://github.com/krimpedance/KRProgressHUD";
			requirement = {
				kind = upToNextMajorVersion;
				minimumVersion = 3.4.7;
			};
		};
		207EE1C025A458600030ECDD /* XCRemoteSwiftPackageReference "Kingfisher" */ = {
			isa = XCRemoteSwiftPackageReference;
			repositoryURL = "https://github.com/onevcat/Kingfisher";
			requirement = {
				kind = upToNextMajorVersion;
				minimumVersion = 6.0.0;
			};
		};
		207EE1C425A458C60030ECDD /* XCRemoteSwiftPackageReference "Kanna" */ = {
			isa = XCRemoteSwiftPackageReference;
			repositoryURL = "https://github.com/tid-kijyun/Kanna";
			requirement = {
				kind = upToNextMajorVersion;
				minimumVersion = 5.2.4;
			};
		};
		207EE1C825A4590F0030ECDD /* XCRemoteSwiftPackageReference "IQKeyboardManager" */ = {
			isa = XCRemoteSwiftPackageReference;
			repositoryURL = "https://github.com/hackiftekhar/IQKeyboardManager";
			requirement = {
				kind = upToNextMajorVersion;
				minimumVersion = 6.5.6;
			};
		};
		207EE1CC25A459720030ECDD /* XCRemoteSwiftPackageReference "SwiftyJSON" */ = {
			isa = XCRemoteSwiftPackageReference;
			repositoryURL = "https://github.com/SwiftyJSON/SwiftyJSON";
			requirement = {
				kind = upToNextMajorVersion;
				minimumVersion = 5.0.0;
			};
		};
		207EE1D025A459BA0030ECDD /* XCRemoteSwiftPackageReference "Alamofire" */ = {
			isa = XCRemoteSwiftPackageReference;
			repositoryURL = "https://github.com/Alamofire/Alamofire";
			requirement = {
				kind = upToNextMajorVersion;
				minimumVersion = 5.4.1;
			};
		};
		207EE25325A841C10030ECDD /* XCRemoteSwiftPackageReference "GrandRefresh" */ = {
			isa = XCRemoteSwiftPackageReference;
			repositoryURL = "https://github.com/DuckDeck/GrandRefresh";
			requirement = {
				kind = upToNextMajorVersion;
				minimumVersion = 1.0.0;
			};
		};
		207EE26025A965FB0030ECDD /* XCRemoteSwiftPackageReference "Gifu" */ = {
			isa = XCRemoteSwiftPackageReference;
			repositoryURL = "https://github.com/kaishin/Gifu";
			requirement = {
				kind = upToNextMajorVersion;
				minimumVersion = 3.3.0;
			};
		};
		AE61F16425E4FCB300905B9F /* XCRemoteSwiftPackageReference "SwiftyMarkdown" */ = {
			isa = XCRemoteSwiftPackageReference;
			repositoryURL = "https://github.com/SimonFairbairn/SwiftyMarkdown";
			requirement = {
				kind = upToNextMajorVersion;
				minimumVersion = 1.2.3;
			};
		};
/* End XCRemoteSwiftPackageReference section */

/* Begin XCSwiftPackageProductDependency section */
		207EE17225A303950030ECDD /* CommonLibrary */ = {
			isa = XCSwiftPackageProductDependency;
			productName = CommonLibrary;
		};
		207EE17425A303970030ECDD /* FoundationPackage */ = {
			isa = XCSwiftPackageProductDependency;
			productName = FoundationPackage;
		};
		207EE17625A3039A0030ECDD /* MediaPackage */ = {
			isa = XCSwiftPackageProductDependency;
			productName = MediaPackage;
		};
		207EE17825A3039C0030ECDD /* UIPackage */ = {
			isa = XCSwiftPackageProductDependency;
			productName = UIPackage;
		};
		207EE17A25A3039F0030ECDD /* ProjectPackage */ = {
			isa = XCSwiftPackageProductDependency;
			productName = ProjectPackage;
		};
		207EE18125A306FC0030ECDD /* SnapKit */ = {
			isa = XCSwiftPackageProductDependency;
			package = 207EE18025A306FC0030ECDD /* XCRemoteSwiftPackageReference "SnapKit" */;
			productName = SnapKit;
		};
		207EE1A525A43BE90030ECDD /* ZLPhotoBrowser */ = {
			isa = XCSwiftPackageProductDependency;
			package = 207EE1A425A43BE90030ECDD /* XCRemoteSwiftPackageReference "ZLPhotoBrowser" */;
			productName = ZLPhotoBrowser;
		};
		207EE1A925A455650030ECDD /* GrandTime */ = {
			isa = XCSwiftPackageProductDependency;
			package = 207EE1A825A455650030ECDD /* XCRemoteSwiftPackageReference "GrandTime" */;
			productName = GrandTime;
		};
		207EE1AD25A455850030ECDD /* GrandMenu */ = {
			isa = XCSwiftPackageProductDependency;
			package = 207EE1AC25A455850030ECDD /* XCRemoteSwiftPackageReference "GrandMenu" */;
			productName = GrandMenu;
		};
		207EE1B125A455E30030ECDD /* ViewChaos */ = {
			isa = XCSwiftPackageProductDependency;
			package = 207EE1B025A455E30030ECDD /* XCRemoteSwiftPackageReference "ViewChaos" */;
			productName = ViewChaos;
		};
		207EE1B525A456090030ECDD /* GrandModel */ = {
			isa = XCSwiftPackageProductDependency;
			package = 207EE1B425A456090030ECDD /* XCRemoteSwiftPackageReference "GrandModel" */;
			productName = GrandModel;
		};
		207EE1B925A4562A0030ECDD /* GrandStore */ = {
			isa = XCSwiftPackageProductDependency;
			package = 207EE1B825A4562A0030ECDD /* XCRemoteSwiftPackageReference "GrandStore" */;
			productName = GrandStore;
		};
		207EE1BD25A458150030ECDD /* KRProgressHUD */ = {
			isa = XCSwiftPackageProductDependency;
			package = 207EE1BC25A458150030ECDD /* XCRemoteSwiftPackageReference "KRProgressHUD" */;
			productName = KRProgressHUD;
		};
		207EE1C125A458600030ECDD /* Kingfisher */ = {
			isa = XCSwiftPackageProductDependency;
			package = 207EE1C025A458600030ECDD /* XCRemoteSwiftPackageReference "Kingfisher" */;
			productName = Kingfisher;
		};
		207EE1C525A458C60030ECDD /* Kanna */ = {
			isa = XCSwiftPackageProductDependency;
			package = 207EE1C425A458C60030ECDD /* XCRemoteSwiftPackageReference "Kanna" */;
			productName = Kanna;
		};
		207EE1C925A4590F0030ECDD /* IQKeyboardManagerSwift */ = {
			isa = XCSwiftPackageProductDependency;
			package = 207EE1C825A4590F0030ECDD /* XCRemoteSwiftPackageReference "IQKeyboardManager" */;
			productName = IQKeyboardManagerSwift;
		};
		207EE1CD25A459720030ECDD /* SwiftyJSON */ = {
			isa = XCSwiftPackageProductDependency;
			package = 207EE1CC25A459720030ECDD /* XCRemoteSwiftPackageReference "SwiftyJSON" */;
			productName = SwiftyJSON;
		};
		207EE1D125A459BA0030ECDD /* Alamofire */ = {
			isa = XCSwiftPackageProductDependency;
			package = 207EE1D025A459BA0030ECDD /* XCRemoteSwiftPackageReference "Alamofire" */;
			productName = Alamofire;
		};
		207EE25425A841C10030ECDD /* GrandRefresh */ = {
			isa = XCSwiftPackageProductDependency;
			package = 207EE25325A841C10030ECDD /* XCRemoteSwiftPackageReference "GrandRefresh" */;
			productName = GrandRefresh;
		};
		207EE26125A965FB0030ECDD /* Gifu */ = {
			isa = XCSwiftPackageProductDependency;
			package = 207EE26025A965FB0030ECDD /* XCRemoteSwiftPackageReference "Gifu" */;
			productName = Gifu;
		};
		AE61F16525E4FCB300905B9F /* SwiftyMarkdown */ = {
			isa = XCSwiftPackageProductDependency;
			package = AE61F16425E4FCB300905B9F /* XCRemoteSwiftPackageReference "SwiftyMarkdown" */;
			productName = SwiftyMarkdown;
		};
/* End XCSwiftPackageProductDependency section */
	};
	rootObject = 207EE15325A3006D0030ECDD /* Project object */;
}
