{
  "object": {
    "pins": [
      {
        "package": "Alamofire",
        "repositoryURL": "https://github.com/Alamofire/Alamofire",
        "state": {
          "branch": null,
          "revision": "2777659076fda38bd4e487739ee331c7a65b5924",
          "version": "5.2.1"
        }
      },
      {
        "package": "Gifu",
        "repositoryURL": "https://github.com/kaishin/Gifu",
        "state": {
          "branch": null,
          "revision": "b6fc594b30d0949a788338c54b07c26ae40c3444",
          "version": "3.2.2"
        }
      },
      {
        "package": "GrandMenu",
        "repositoryURL": "https://github.com/DuckDeck/GrandMenu",
        "state": {
          "branch": null,
          "revision": "2e948e2b8e78d61c0f3fec0c2623d32cd7e93b0a",
          "version": "2.0.1"
        }
      },
      {
        "package": "GrandModel",
        "repositoryURL": "https://github.com/DuckDeck/GrandModel",
        "state": {
          "branch": null,
          "revision": "0e3344f84df10cdec4459b6c8bcfec8c302784d5",
          "version": "2.0.2"
        }
      },
      {
        "package": "GrandStore",
        "repositoryURL": "https://github.com/DuckDeck/GrandStore",
        "state": {
          "branch": null,
          "revision": "41c79ba8e6cf63953fd46c78a8b892a8c86382e9",
          "version": "2.0.0"
        }
      },
      {
        "package": "GrandTime",
        "repositoryURL": "https://github.com/DuckDeck/GrandTime",
        "state": {
          "branch": null,
          "revision": "17d09d446773036e24bc6a9227a8c2d111cffa8a",
          "version": "2.0.0"
        }
      },
      {
        "package": "IQKeyboardManagerSwift",
        "repositoryURL": "https://github.com/hackiftekhar/IQKeyboardManager",
        "state": {
          "branch": null,
          "revision": "b0f0a127cca6bb39378447baa2afff74123abd09",
          "version": "6.5.5"
        }
      },
      {
        "package": "Kanna",
        "repositoryURL": "https://github.com/tid-kijyun/Kanna",
        "state": {
          "branch": null,
          "revision": "609367a2cd84827a33383cf7923cb4fe8f69ee0a",
          "version": "5.2.2"
        }
      },
      {
        "package": "Kingfisher",
        "repositoryURL": "https://github.com/onevcat/Kingfisher",
        "state": {
          "branch": null,
          "revision": "910d808ade2a576e1a292ceb458a6fa43f67f594",
          "version": "5.14.0"
        }
      },
      {
        "package": "KRActivityIndicatorView",
        "repositoryURL": "https://github.com/krimpedance/KRActivityIndicatorView.git",
        "state": {
          "branch": null,
          "revision": "0a0ae6bc05647f414a7bfc53ffeaf6248aad29dd",
          "version": "3.0.5"
        }
      },
      {
        "package": "KRProgressHUD",
        "repositoryURL": "https://github.com/krimpedance/KRProgressHUD",
        "state": {
          "branch": null,
          "revision": "05be7ebafca7e4068e14e9381ec56ab6201ee857",
          "version": "3.4.5"
        }
      },
      {
        "package": "SnapKit",
        "repositoryURL": "https://github.com/SnapKit/SnapKit",
        "state": {
          "branch": null,
          "revision": "d458564516e5676af9c70b4f4b2a9178294f1bc6",
          "version": "5.0.1"
        }
      },
      {
        "package": "SwiftyJSON",
        "repositoryURL": "https://github.com/SwiftyJSON/SwiftyJSON",
        "state": {
          "branch": null,
          "revision": "2b6054efa051565954e1d2b9da831680026cd768",
          "version": "5.0.0"
        }
      },
      {
        "package": "SwiftyMarkdown",
        "repositoryURL": "https://github.com/SimonFairbairn/SwiftyMarkdown",
        "state": {
          "branch": null,
          "revision": "6c64c1647581bd469f8e720f4474e53f1111c3bc",
          "version": "1.2.2"
        }
      },
      {
        "package": "ViewChaos",
        "repositoryURL": "https://github.com/DuckDeck/ViewChaos",
        "state": {
          "branch": null,
          "revision": "3881fbecaf365c5d934d96672e4f86104b520985",
          "version": "2.0.2"
        }
      }
    ]
  },
  "version": 1
}
