{
  "object": {
    "pins": [
      {
        "package": "Alamofire",
        "repositoryURL": "https://gitee.com/Stanhu/Alamofire",
        "state": {
          "branch": null,
          "revision": "f96b619bcb2383b43d898402283924b80e2c4bae",
          "version": "5.4.3"
        }
      },
      {
        "package": "Gifu",
        "repositoryURL": "https://gitee.com/Stanhu/Gifu",
        "state": {
          "branch": null,
          "revision": "51f2eab32903e336f590c013267cfa4d7f8b06c4",
          "version": "3.3.1"
        }
      },
      {
        "package": "GrandMenu",
        "repositoryURL": "https://gitee.com/Stanhu/GrandMenu",
        "state": {
          "branch": null,
          "revision": "2e948e2b8e78d61c0f3fec0c2623d32cd7e93b0a",
          "version": "2.0.1"
        }
      },
      {
        "package": "GrandModel",
        "repositoryURL": "https://gitee.com/Stanhu/GrandModel",
        "state": {
          "branch": null,
          "revision": "0e3344f84df10cdec4459b6c8bcfec8c302784d5",
          "version": "2.0.2"
        }
      },
      {
        "package": "GrandStore",
        "repositoryURL": "https://gitee.com/Stanhu/GrandStore",
        "state": {
          "branch": null,
          "revision": "8a1de83186c54bef1f111e204af5464c992c48a1",
          "version": "3.0.0"
        }
      },
      {
        "package": "GrandTime",
        "repositoryURL": "https://gitee.com/Stanhu/GrandTime",
        "state": {
          "branch": null,
          "revision": "17d09d446773036e24bc6a9227a8c2d111cffa8a",
          "version": "2.0.0"
        }
      },
      {
        "package": "IQKeyboardManagerSwift",
        "repositoryURL": "https://gitee.com/Stanhu/IQKeyboardManager",
        "state": {
          "branch": null,
          "revision": "4dc6bc7d1c9747bd0c261c8c055903f9fdef91f7",
          "version": "6.5.6"
        }
      },
      {
        "package": "Kanna",
        "repositoryURL": "https://gitee.com/Stanhu/Kanna",
        "state": {
          "branch": null,
          "revision": "c657fb9f5827ef138068215c76ad0bb62bbc92da",
          "version": "5.2.4"
        }
      },
      {
        "package": "Kingfisher",
        "repositoryURL": "https://gitee.com/Stanhu/Kingfisher",
        "state": {
          "branch": null,
          "revision": "44450a8f564d7c0165f736ba2250649ff8d3e556",
          "version": "6.3.0"
        }
      },
      {
        "package": "KRActivityIndicatorView",
        "repositoryURL": "https://github.com/krimpedance/KRActivityIndicatorView.git",
        "state": {
          "branch": null,
          "revision": "bcb0e841d6de0cd343a32bd5056580a56d06c0bc",
          "version": "3.0.7"
        }
      },
      {
        "package": "KRProgressHUD",
        "repositoryURL": "https://gitee.com/Stanhu/KRProgressHUD",
        "state": {
          "branch": null,
          "revision": "265142816d8f8ea93840accaf4ac7c49998e77c2",
          "version": "3.4.7"
        }
      },
      {
        "package": "SkeletonView",
        "repositoryURL": "https://gitee.com/Stanhu/SkeletonView",
        "state": {
          "branch": null,
          "revision": "220fc4016d618d5ccf48a28fca11247e070e0503",
          "version": "1.20.0"
        }
      },
      {
        "package": "SnapKit",
        "repositoryURL": "https://gitee.com/Stanhu/SnapKit",
        "state": {
          "branch": null,
          "revision": "d458564516e5676af9c70b4f4b2a9178294f1bc6",
          "version": "5.0.1"
        }
      },
      {
        "package": "SwiftyJSON",
        "repositoryURL": "https://gitee.com/Stanhu/SwiftyJSON",
        "state": {
          "branch": null,
          "revision": "b3dcd7dbd0d488e1a7077cb33b00f2083e382f07",
          "version": "5.0.1"
        }
      },
      {
        "package": "ViewChaos",
        "repositoryURL": "https://gitee.com/Stanhu/ViewChaos",
        "state": {
          "branch": null,
          "revision": "a5aaa77336d4a832bf5292d840a9db37da277a69",
          "version": "2.1.2"
        }
      }
    ]
  },
  "version": 1
}
